// !$*UTF8*$!
{
	archiveVersion = 1;
	classes = {
	};
	objectVersion = 46;
	objects = {

/* Begin PBXBuildFile section */
		CB0441CC17B471C90051C18D /* HomepwnerItemCell.m in Sources */ = {isa = PBXBuildFile; fileRef = CB0441CB17B471C90051C18D /* HomepwnerItemCell.m */; };
		CB0C805B17A829FB00B749A6 /* background-568h@2x~iphone.png in Resources */ = {isa = PBXBuildFile; fileRef = CB0C805917A829FB00B749A6 /* background-568h@2x~iphone.png */; };
		CB0C805C17A829FB00B749A6 /* background@2x~iphone.png in Resources */ = {isa = PBXBuildFile; fileRef = CB0C805A17A829FB00B749A6 /* background@2x~iphone.png */; };
		CB1AE2A0170537BB0063456D /* wallpaper.jpg in Resources */ = {isa = PBXBuildFile; fileRef = CB1AE29D170537BB0063456D /* wallpaper.jpg */; };
		CB1AE2A1170537BB0063456D /* wallpaper@2x.jpg in Resources */ = {isa = PBXBuildFile; fileRef = CB1AE29E170537BB0063456D /* wallpaper@2x.jpg */; };
		CB1AE2A2170537BB0063456D /* wallpaper-568h@2x.jpg in Resources */ = {isa = PBXBuildFile; fileRef = CB1AE29F170537BB0063456D /* wallpaper-568h@2x.jpg */; };
		CB208DED171CC352008ADF5E /* DateCreatedViewController.m in Sources */ = {isa = PBXBuildFile; fileRef = CB208DEB171CC352008ADF5E /* DateCreatedViewController.m */; };
		CB208DEE171CC352008ADF5E /* DateCreatedViewController.xib in Resources */ = {isa = PBXBuildFile; fileRef = CB208DEC171CC352008ADF5E /* DateCreatedViewController.xib */; };
		CB2EC805179C6CDB00B88283 /* CameraOverlayView.m in Sources */ = {isa = PBXBuildFile; fileRef = CB2EC804179C6CDB00B88283 /* CameraOverlayView.m */; };
		CB35825C16F7DC3F00E24837 /* BNRItem.m in Sources */ = {isa = PBXBuildFile; fileRef = CB35825B16F7DC3F00E24837 /* BNRItem.m */; };
		CB35825F16F7DD7400E24837 /* BNRItemStore.m in Sources */ = {isa = PBXBuildFile; fileRef = CB35825E16F7DD7400E24837 /* BNRItemStore.m */; };
		CB3AC9A1171B2BD40099620B /* DetailViewController.m in Sources */ = {isa = PBXBuildFile; fileRef = CB3AC99F171B2BD40099620B /* DetailViewController.m */; };
		CB3AC9A2171B2BD40099620B /* DetailViewController.xib in Resources */ = {isa = PBXBuildFile; fileRef = CB3AC9A0171B2BD40099620B /* DetailViewController.xib */; };
		CB46936E1798432300DD265C /* BNRImageStore.m in Sources */ = {isa = PBXBuildFile; fileRef = CB46936D1798432300DD265C /* BNRImageStore.m */; };
		CB7D3E63170A46FE0078D70D /* HeaderView.xib in Resources */ = {isa = PBXBuildFile; fileRef = CB7D3E62170A46FE0078D70D /* HeaderView.xib */; };
		CB983E6F17AACAA900E973E2 /* Images.xcassets in Resources */ = {isa = PBXBuildFile; fileRef = CB983E6E17AACAA900E973E2 /* Images.xcassets */; };
		CBE8C74416F7C4F600AE3BA8 /* UIKit.framework in Frameworks */ = {isa = PBXBuildFile; fileRef = CBE8C74316F7C4F600AE3BA8 /* UIKit.framework */; };
		CBE8C74616F7C4F600AE3BA8 /* Foundation.framework in Frameworks */ = {isa = PBXBuildFile; fileRef = CBE8C74516F7C4F600AE3BA8 /* Foundation.framework */; };
		CBE8C74816F7C4F600AE3BA8 /* CoreGraphics.framework in Frameworks */ = {isa = PBXBuildFile; fileRef = CBE8C74716F7C4F600AE3BA8 /* CoreGraphics.framework */; };
		CBE8C74E16F7C4F700AE3BA8 /* InfoPlist.strings in Resources */ = {isa = PBXBuildFile; fileRef = CBE8C74C16F7C4F700AE3BA8 /* InfoPlist.strings */; };
		CBE8C75016F7C4F700AE3BA8 /* main.m in Sources */ = {isa = PBXBuildFile; fileRef = CBE8C74F16F7C4F700AE3BA8 /* main.m */; };
		CBE8C75416F7C4F700AE3BA8 /* HomepwnerAppDelegate.m in Sources */ = {isa = PBXBuildFile; fileRef = CBE8C75316F7C4F700AE3BA8 /* HomepwnerAppDelegate.m */; };
		CBE8C75616F7C4F700AE3BA8 /* Default.png in Resources */ = {isa = PBXBuildFile; fileRef = CBE8C75516F7C4F700AE3BA8 /* Default.png */; };
		CBE8C75816F7C4F700AE3BA8 /* Default@2x.png in Resources */ = {isa = PBXBuildFile; fileRef = CBE8C75716F7C4F700AE3BA8 /* Default@2x.png */; };
		CBE8C75A16F7C4F700AE3BA8 /* Default-568h@2x.png in Resources */ = {isa = PBXBuildFile; fileRef = CBE8C75916F7C4F700AE3BA8 /* Default-568h@2x.png */; };
		CBE8C76216F7CC7300AE3BA8 /* ItemsViewController.m in Sources */ = {isa = PBXBuildFile; fileRef = CBE8C76116F7CC7300AE3BA8 /* ItemsViewController.m */; };
		CBF9C31917A1758F00EDE38D /* background@2x~ipad.png in Resources */ = {isa = PBXBuildFile; fileRef = CBF9C31517A1758F00EDE38D /* background@2x~ipad.png */; };
		CBF9C31A17A1758F00EDE38D /* background~ipad.png in Resources */ = {isa = PBXBuildFile; fileRef = CBF9C31617A1758F00EDE38D /* background~ipad.png */; };
/* End PBXBuildFile section */

/* Begin PBXFileReference section */
		CB0441CA17B471C90051C18D /* HomepwnerItemCell.h */ = {isa = PBXFileReference; fileEncoding = 4; lastKnownFileType = sourcecode.c.h; path = HomepwnerItemCell.h; sourceTree = "<group>"; };
		CB0441CB17B471C90051C18D /* HomepwnerItemCell.m */ = {isa = PBXFileReference; fileEncoding = 4; lastKnownFileType = sourcecode.c.objc; path = HomepwnerItemCell.m; sourceTree = "<group>"; };
		CB0C805917A829FB00B749A6 /* background-568h@2x~iphone.png */ = {isa = PBXFileReference; lastKnownFileType = image.png; path = "background-568h@2x~iphone.png"; sourceTree = "<group>"; };
		CB0C805A17A829FB00B749A6 /* background@2x~iphone.png */ = {isa = PBXFileReference; lastKnownFileType = image.png; path = "background@2x~iphone.png"; sourceTree = "<group>"; };
		CB1AE29D170537BB0063456D /* wallpaper.jpg */ = {isa = PBXFileReference; lastKnownFileType = image.jpeg; path = wallpaper.jpg; sourceTree = "<group>"; };
		CB1AE29E170537BB0063456D /* wallpaper@2x.jpg */ = {isa = PBXFileReference; lastKnownFileType = image.jpeg; path = "wallpaper@2x.jpg"; sourceTree = "<group>"; };
		CB1AE29F170537BB0063456D /* wallpaper-568h@2x.jpg */ = {isa = PBXFileReference; lastKnownFileType = image.jpeg; path = "wallpaper-568h@2x.jpg"; sourceTree = "<group>"; };
		CB208DEA171CC352008ADF5E /* DateCreatedViewController.h */ = {isa = PBXFileReference; fileEncoding = 4; lastKnownFileType = sourcecode.c.h; path = DateCreatedViewController.h; sourceTree = "<group>"; };
		CB208DEB171CC352008ADF5E /* DateCreatedViewController.m */ = {isa = PBXFileReference; fileEncoding = 4; lastKnownFileType = sourcecode.c.objc; path = DateCreatedViewController.m; sourceTree = "<group>"; };
		CB208DEC171CC352008ADF5E /* DateCreatedViewController.xib */ = {isa = PBXFileReference; fileEncoding = 4; lastKnownFileType = file.xib; path = DateCreatedViewController.xib; sourceTree = "<group>"; };
		CB2EC803179C6CDB00B88283 /* CameraOverlayView.h */ = {isa = PBXFileReference; fileEncoding = 4; lastKnownFileType = sourcecode.c.h; path = CameraOverlayView.h; sourceTree = "<group>"; };
		CB2EC804179C6CDB00B88283 /* CameraOverlayView.m */ = {isa = PBXFileReference; fileEncoding = 4; lastKnownFileType = sourcecode.c.objc; path = CameraOverlayView.m; sourceTree = "<group>"; };
		CB35825A16F7DC3F00E24837 /* BNRItem.h */ = {isa = PBXFileReference; fileEncoding = 4; lastKnownFileType = sourcecode.c.h; path = BNRItem.h; sourceTree = "<group>"; };
		CB35825B16F7DC3F00E24837 /* BNRItem.m */ = {isa = PBXFileReference; fileEncoding = 4; lastKnownFileType = sourcecode.c.objc; path = BNRItem.m; sourceTree = "<group>"; };
		CB35825D16F7DD7400E24837 /* BNRItemStore.h */ = {isa = PBXFileReference; fileEncoding = 4; lastKnownFileType = sourcecode.c.h; path = BNRItemStore.h; sourceTree = "<group>"; };
		CB35825E16F7DD7400E24837 /* BNRItemStore.m */ = {isa = PBXFileReference; fileEncoding = 4; lastKnownFileType = sourcecode.c.objc; path = BNRItemStore.m; sourceTree = "<group>"; };
		CB3AC99E171B2BD40099620B /* DetailViewController.h */ = {isa = PBXFileReference; fileEncoding = 4; lastKnownFileType = sourcecode.c.h; path = DetailViewController.h; sourceTree = "<group>"; };
		CB3AC99F171B2BD40099620B /* DetailViewController.m */ = {isa = PBXFileReference; fileEncoding = 4; lastKnownFileType = sourcecode.c.objc; path = DetailViewController.m; sourceTree = "<group>"; };
		CB3AC9A0171B2BD40099620B /* DetailViewController.xib */ = {isa = PBXFileReference; fileEncoding = 4; lastKnownFileType = file.xib; path = DetailViewController.xib; sourceTree = "<group>"; };
		CB46936C1798432300DD265C /* BNRImageStore.h */ = {isa = PBXFileReference; fileEncoding = 4; lastKnownFileType = sourcecode.c.h; path = BNRImageStore.h; sourceTree = "<group>"; };
		CB46936D1798432300DD265C /* BNRImageStore.m */ = {isa = PBXFileReference; fileEncoding = 4; lastKnownFileType = sourcecode.c.objc; path = BNRImageStore.m; sourceTree = "<group>"; };
		CB7D3E62170A46FE0078D70D /* HeaderView.xib */ = {isa = PBXFileReference; fileEncoding = 4; lastKnownFileType = file.xib; path = HeaderView.xib; sourceTree = "<group>"; };
		CB983E6E17AACAA900E973E2 /* Images.xcassets */ = {isa = PBXFileReference; lastKnownFileType = folder.assetcatalog; path = Images.xcassets; sourceTree = "<group>"; };
		CBE8C74016F7C4F600AE3BA8 /* Homepwner.app */ = {isa = PBXFileReference; explicitFileType = wrapper.application; includeInIndex = 0; path = Homepwner.app; sourceTree = BUILT_PRODUCTS_DIR; };
		CBE8C74316F7C4F600AE3BA8 /* UIKit.framework */ = {isa = PBXFileReference; lastKnownFileType = wrapper.framework; name = UIKit.framework; path = System/Library/Frameworks/UIKit.framework; sourceTree = SDKROOT; };
		CBE8C74516F7C4F600AE3BA8 /* Foundation.framework */ = {isa = PBXFileReference; lastKnownFileType = wrapper.framework; name = Foundation.framework; path = System/Library/Frameworks/Foundation.framework; sourceTree = SDKROOT; };
		CBE8C74716F7C4F600AE3BA8 /* CoreGraphics.framework */ = {isa = PBXFileReference; lastKnownFileType = wrapper.framework; name = CoreGraphics.framework; path = System/Library/Frameworks/CoreGraphics.framework; sourceTree = SDKROOT; };
		CBE8C74B16F7C4F700AE3BA8 /* Homepwner-Info.plist */ = {isa = PBXFileReference; lastKnownFileType = text.plist.xml; path = "Homepwner-Info.plist"; sourceTree = "<group>"; };
		CBE8C74D16F7C4F700AE3BA8 /* en */ = {isa = PBXFileReference; lastKnownFileType = text.plist.strings; name = en; path = en.lproj/InfoPlist.strings; sourceTree = "<group>"; };
		CBE8C74F16F7C4F700AE3BA8 /* main.m */ = {isa = PBXFileReference; lastKnownFileType = sourcecode.c.objc; path = main.m; sourceTree = "<group>"; };
		CBE8C75116F7C4F700AE3BA8 /* Homepwner-Prefix.pch */ = {isa = PBXFileReference; lastKnownFileType = sourcecode.c.h; path = "Homepwner-Prefix.pch"; sourceTree = "<group>"; };
		CBE8C75216F7C4F700AE3BA8 /* HomepwnerAppDelegate.h */ = {isa = PBXFileReference; lastKnownFileType = sourcecode.c.h; path = HomepwnerAppDelegate.h; sourceTree = "<group>"; };
		CBE8C75316F7C4F700AE3BA8 /* HomepwnerAppDelegate.m */ = {isa = PBXFileReference; lastKnownFileType = sourcecode.c.objc; path = HomepwnerAppDelegate.m; sourceTree = "<group>"; };
		CBE8C75516F7C4F700AE3BA8 /* Default.png */ = {isa = PBXFileReference; lastKnownFileType = image.png; path = Default.png; sourceTree = "<group>"; };
		CBE8C75716F7C4F700AE3BA8 /* Default@2x.png */ = {isa = PBXFileReference; lastKnownFileType = image.png; path = "Default@2x.png"; sourceTree = "<group>"; };
		CBE8C75916F7C4F700AE3BA8 /* Default-568h@2x.png */ = {isa = PBXFileReference; lastKnownFileType = image.png; path = "Default-568h@2x.png"; sourceTree = "<group>"; };
		CBE8C76016F7CC7300AE3BA8 /* ItemsViewController.h */ = {isa = PBXFileReference; fileEncoding = 4; lastKnownFileType = sourcecode.c.h; path = ItemsViewController.h; sourceTree = "<group>"; };
		CBE8C76116F7CC7300AE3BA8 /* ItemsViewController.m */ = {isa = PBXFileReference; fileEncoding = 4; lastKnownFileType = sourcecode.c.objc; path = ItemsViewController.m; sourceTree = "<group>"; };
		CBF9C31517A1758F00EDE38D /* background@2x~ipad.png */ = {isa = PBXFileReference; lastKnownFileType = image.png; path = "background@2x~ipad.png"; sourceTree = "<group>"; };
		CBF9C31617A1758F00EDE38D /* background~ipad.png */ = {isa = PBXFileReference; lastKnownFileType = image.png; path = "background~ipad.png"; sourceTree = "<group>"; };
/* End PBXFileReference section */

/* Begin PBXFrameworksBuildPhase section */
		CBE8C73D16F7C4F600AE3BA8 /* Frameworks */ = {
			isa = PBXFrameworksBuildPhase;
			buildActionMask = 2147483647;
			files = (
				CBE8C74416F7C4F600AE3BA8 /* UIKit.framework in Frameworks */,
				CBE8C74616F7C4F600AE3BA8 /* Foundation.framework in Frameworks */,
				CBE8C74816F7C4F600AE3BA8 /* CoreGraphics.framework in Frameworks */,
			);
			runOnlyForDeploymentPostprocessing = 0;
		};
/* End PBXFrameworksBuildPhase section */

/* Begin PBXGroup section */
		CBE8C73716F7C4F600AE3BA8 = {
			isa = PBXGroup;
			children = (
				CBE8C74916F7C4F600AE3BA8 /* Homepwner */,
				CBE8C74216F7C4F600AE3BA8 /* Frameworks */,
				CBE8C74116F7C4F600AE3BA8 /* Products */,
			);
			sourceTree = "<group>";
		};
		CBE8C74116F7C4F600AE3BA8 /* Products */ = {
			isa = PBXGroup;
			children = (
				CBE8C74016F7C4F600AE3BA8 /* Homepwner.app */,
			);
			name = Products;
			sourceTree = "<group>";
		};
		CBE8C74216F7C4F600AE3BA8 /* Frameworks */ = {
			isa = PBXGroup;
			children = (
				CBE8C74316F7C4F600AE3BA8 /* UIKit.framework */,
				CBE8C74516F7C4F600AE3BA8 /* Foundation.framework */,
				CBE8C74716F7C4F600AE3BA8 /* CoreGraphics.framework */,
			);
			name = Frameworks;
			sourceTree = "<group>";
		};
		CBE8C74916F7C4F600AE3BA8 /* Homepwner */ = {
			isa = PBXGroup;
			children = (
				CB35825A16F7DC3F00E24837 /* BNRItem.h */,
				CB35825B16F7DC3F00E24837 /* BNRItem.m */,
				CB35825D16F7DD7400E24837 /* BNRItemStore.h */,
				CB35825E16F7DD7400E24837 /* BNRItemStore.m */,
				CB46936C1798432300DD265C /* BNRImageStore.h */,
				CB46936D1798432300DD265C /* BNRImageStore.m */,
				CBE8C75216F7C4F700AE3BA8 /* HomepwnerAppDelegate.h */,
				CBE8C75316F7C4F700AE3BA8 /* HomepwnerAppDelegate.m */,
				CBE8C76016F7CC7300AE3BA8 /* ItemsViewController.h */,
				CBE8C76116F7CC7300AE3BA8 /* ItemsViewController.m */,
				CB3AC99E171B2BD40099620B /* DetailViewController.h */,
				CB3AC99F171B2BD40099620B /* DetailViewController.m */,
				CB3AC9A0171B2BD40099620B /* DetailViewController.xib */,
				CB0441CA17B471C90051C18D /* HomepwnerItemCell.h */,
				CB0441CB17B471C90051C18D /* HomepwnerItemCell.m */,
				CB7D3E62170A46FE0078D70D /* HeaderView.xib */,
				CB2EC803179C6CDB00B88283 /* CameraOverlayView.h */,
				CB2EC804179C6CDB00B88283 /* CameraOverlayView.m */,
				CB208DEA171CC352008ADF5E /* DateCreatedViewController.h */,
				CB208DEB171CC352008ADF5E /* DateCreatedViewController.m */,
				CB208DEC171CC352008ADF5E /* DateCreatedViewController.xib */,
				CB983E6E17AACAA900E973E2 /* Images.xcassets */,
				CBE8C74A16F7C4F700AE3BA8 /* Supporting Files */,
			);
			path = Homepwner;
			sourceTree = "<group>";
		};
		CBE8C74A16F7C4F700AE3BA8 /* Supporting Files */ = {
			isa = PBXGroup;
			children = (
				CB0C805917A829FB00B749A6 /* background-568h@2x~iphone.png */,
				CB0C805A17A829FB00B749A6 /* background@2x~iphone.png */,
				CBF9C31517A1758F00EDE38D /* background@2x~ipad.png */,
				CBF9C31617A1758F00EDE38D /* background~ipad.png */,
				CB1AE29D170537BB0063456D /* wallpaper.jpg */,
				CB1AE29E170537BB0063456D /* wallpaper@2x.jpg */,
				CB1AE29F170537BB0063456D /* wallpaper-568h@2x.jpg */,
				CBE8C74B16F7C4F700AE3BA8 /* Homepwner-Info.plist */,
				CBE8C74C16F7C4F700AE3BA8 /* InfoPlist.strings */,
				CBE8C74F16F7C4F700AE3BA8 /* main.m */,
				CBE8C75116F7C4F700AE3BA8 /* Homepwner-Prefix.pch */,
				CBE8C75516F7C4F700AE3BA8 /* Default.png */,
				CBE8C75716F7C4F700AE3BA8 /* Default@2x.png */,
				CBE8C75916F7C4F700AE3BA8 /* Default-568h@2x.png */,
			);
			name = "Supporting Files";
			sourceTree = "<group>";
		};
/* End PBXGroup section */

/* Begin PBXNativeTarget section */
		CBE8C73F16F7C4F600AE3BA8 /* Homepwner */ = {
			isa = PBXNativeTarget;
			buildConfigurationList = CBE8C75D16F7C4F700AE3BA8 /* Build configuration list for PBXNativeTarget "Homepwner" */;
			buildPhases = (
				CBE8C73C16F7C4F600AE3BA8 /* Sources */,
				CBE8C73D16F7C4F600AE3BA8 /* Frameworks */,
				CBE8C73E16F7C4F600AE3BA8 /* Resources */,
			);
			buildRules = (
			);
			dependencies = (
			);
			name = Homepwner;
			productName = Homepwner;
			productReference = CBE8C74016F7C4F600AE3BA8 /* Homepwner.app */;
			productType = "com.apple.product-type.application";
		};
/* End PBXNativeTarget section */

/* Begin PBXProject section */
		CBE8C73816F7C4F600AE3BA8 /* Project object */ = {
			isa = PBXProject;
			attributes = {
				CLASSPREFIX = Homepwner;
				LastUpgradeCheck = 0460;
				ORGANIZATIONNAME = "Zen Mensch Apps";
				TargetAttributes = {
					CBE8C73F16F7C4F600AE3BA8 = {
						DevelopmentTeam = CDBCLK8WFP;
					};
				};
			};
			buildConfigurationList = CBE8C73B16F7C4F600AE3BA8 /* Build configuration list for PBXProject "Homepwner" */;
			compatibilityVersion = "Xcode 3.2";
			developmentRegion = English;
			hasScannedForEncodings = 0;
			knownRegions = (
				en,
			);
			mainGroup = CBE8C73716F7C4F600AE3BA8;
			productRefGroup = CBE8C74116F7C4F600AE3BA8 /* Products */;
			projectDirPath = "";
			projectRoot = "";
			targets = (
				CBE8C73F16F7C4F600AE3BA8 /* Homepwner */,
			);
		};
/* End PBXProject section */

/* Begin PBXResourcesBuildPhase section */
		CBE8C73E16F7C4F600AE3BA8 /* Resources */ = {
			isa = PBXResourcesBuildPhase;
			buildActionMask = 2147483647;
			files = (
				CBE8C74E16F7C4F700AE3BA8 /* InfoPlist.strings in Resources */,
				CBE8C75616F7C4F700AE3BA8 /* Default.png in Resources */,
				CBE8C75816F7C4F700AE3BA8 /* Default@2x.png in Resources */,
				CBE8C75A16F7C4F700AE3BA8 /* Default-568h@2x.png in Resources */,
				CBF9C31917A1758F00EDE38D /* background@2x~ipad.png in Resources */,
				CB0C805C17A829FB00B749A6 /* background@2x~iphone.png in Resources */,
				CB983E6F17AACAA900E973E2 /* Images.xcassets in Resources */,
				CB1AE2A0170537BB0063456D /* wallpaper.jpg in Resources */,
				CB0C805B17A829FB00B749A6 /* background-568h@2x~iphone.png in Resources */,
				CB1AE2A1170537BB0063456D /* wallpaper@2x.jpg in Resources */,
				CB1AE2A2170537BB0063456D /* wallpaper-568h@2x.jpg in Resources */,
				CB7D3E63170A46FE0078D70D /* HeaderView.xib in Resources */,
				CB3AC9A2171B2BD40099620B /* DetailViewController.xib in Resources */,
				CBF9C31A17A1758F00EDE38D /* background~ipad.png in Resources */,
				CB208DEE171CC352008ADF5E /* DateCreatedViewController.xib in Resources */,
			);
			runOnlyForDeploymentPostprocessing = 0;
		};
/* End PBXResourcesBuildPhase section */

/* Begin PBXSourcesBuildPhase section */
		CBE8C73C16F7C4F600AE3BA8 /* Sources */ = {
			isa = PBXSourcesBuildPhase;
			buildActionMask = 2147483647;
			files = (
				CBE8C75016F7C4F700AE3BA8 /* main.m in Sources */,
				CB2EC805179C6CDB00B88283 /* CameraOverlayView.m in Sources */,
				CBE8C75416F7C4F700AE3BA8 /* HomepwnerAppDelegate.m in Sources */,
				CBE8C76216F7CC7300AE3BA8 /* ItemsViewController.m in Sources */,
				CB35825C16F7DC3F00E24837 /* BNRItem.m in Sources */,
				CB46936E1798432300DD265C /* BNRImageStore.m in Sources */,
				CB0441CC17B471C90051C18D /* HomepwnerItemCell.m in Sources */,
				CB35825F16F7DD7400E24837 /* BNRItemStore.m in Sources */,
				CB3AC9A1171B2BD40099620B /* DetailViewController.m in Sources */,
				CB208DED171CC352008ADF5E /* DateCreatedViewController.m in Sources */,
			);
			runOnlyForDeploymentPostprocessing = 0;
		};
/* End PBXSourcesBuildPhase section */

/* Begin PBXVariantGroup section */
		CBE8C74C16F7C4F700AE3BA8 /* InfoPlist.strings */ = {
			isa = PBXVariantGroup;
			children = (
				CBE8C74D16F7C4F700AE3BA8 /* en */,
			);
			name = InfoPlist.strings;
			sourceTree = "<group>";
		};
/* End PBXVariantGroup section */

/* Begin XCBuildConfiguration section */
		CBE8C75B16F7C4F700AE3BA8 /* Debug */ = {
			isa = XCBuildConfiguration;
			buildSettings = {
				ALWAYS_SEARCH_USER_PATHS = NO;
				CLANG_CXX_LANGUAGE_STANDARD = "gnu++0x";
				CLANG_CXX_LIBRARY = "libc++";
				CLANG_ENABLE_OBJC_ARC = YES;
				CLANG_WARN_CONSTANT_CONVERSION = YES;
				CLANG_WARN_EMPTY_BODY = YES;
				CLANG_WARN_ENUM_CONVERSION = YES;
				CLANG_WARN_INT_CONVERSION = YES;
				CLANG_WARN__DUPLICATE_METHOD_MATCH = YES;
				"CODE_SIGN_IDENTITY[sdk=iphoneos*]" = "iPhone Developer";
				COPY_PHASE_STRIP = NO;
				GCC_C_LANGUAGE_STANDARD = gnu99;
				GCC_DYNAMIC_NO_PIC = NO;
				GCC_OPTIMIZATION_LEVEL = 0;
				GCC_PREPROCESSOR_DEFINITIONS = (
					"DEBUG=1",
					"$(inherited)",
				);
				GCC_SYMBOLS_PRIVATE_EXTERN = NO;
				GCC_WARN_ABOUT_RETURN_TYPE = YES;
				GCC_WARN_UNINITIALIZED_AUTOS = YES;
				GCC_WARN_UNUSED_VARIABLE = YES;
				IPHONEOS_DEPLOYMENT_TARGET = 6.1;
				ONLY_ACTIVE_ARCH = YES;
				SDKROOT = iphoneos;
			};
			name = Debug;
		};
		CBE8C75C16F7C4F700AE3BA8 /* Release */ = {
			isa = XCBuildConfiguration;
			buildSettings = {
				ALWAYS_SEARCH_USER_PATHS = NO;
				CLANG_CXX_LANGUAGE_STANDARD = "gnu++0x";
				CLANG_CXX_LIBRARY = "libc++";
				CLANG_ENABLE_OBJC_ARC = YES;
				CLANG_WARN_CONSTANT_CONVERSION = YES;
				CLANG_WARN_EMPTY_BODY = YES;
				CLANG_WARN_ENUM_CONVERSION = YES;
				CLANG_WARN_INT_CONVERSION = YES;
				CLANG_WARN__DUPLICATE_METHOD_MATCH = YES;
				"CODE_SIGN_IDENTITY[sdk=iphoneos*]" = "iPhone Developer";
				COPY_PHASE_STRIP = YES;
				GCC_C_LANGUAGE_STANDARD = gnu99;
				GCC_WARN_ABOUT_RETURN_TYPE = YES;
				GCC_WARN_UNINITIALIZED_AUTOS = YES;
				GCC_WARN_UNUSED_VARIABLE = YES;
				IPHONEOS_DEPLOYMENT_TARGET = 6.1;
				OTHER_CFLAGS = "-DNS_BLOCK_ASSERTIONS=1";
				SDKROOT = iphoneos;
				VALIDATE_PRODUCT = YES;
			};
			name = Release;
		};
		CBE8C75E16F7C4F700AE3BA8 /* Debug */ = {
			isa = XCBuildConfiguration;
			buildSettings = {
				ASSETCATALOG_COMPILER_APPICON_NAME = AppIcon;
				ASSETCATALOG_COMPILER_LAUNCHIMAGE_NAME = LaunchImage;
				CODE_SIGN_IDENTITY = "iPhone Developer";
				GCC_PRECOMPILE_PREFIX_HEADER = YES;
				GCC_PREFIX_HEADER = "Homepwner/Homepwner-Prefix.pch";
				INFOPLIST_FILE = "Homepwner/Homepwner-Info.plist";
				IPHONEOS_DEPLOYMENT_TARGET = 6.1;
				PRODUCT_NAME = "$(TARGET_NAME)";
				TARGETED_DEVICE_FAMILY = "1,2";
				WRAPPER_EXTENSION = app;
			};
			name = Debug;
		};
		CBE8C75F16F7C4F700AE3BA8 /* Release */ = {
			isa = XCBuildConfiguration;
			buildSettings = {
				ASSETCATALOG_COMPILER_APPICON_NAME = AppIcon;
				ASSETCATALOG_COMPILER_LAUNCHIMAGE_NAME = LaunchImage;
				CODE_SIGN_IDENTITY = "iPhone Developer";
				GCC_PRECOMPILE_PREFIX_HEADER = YES;
				GCC_PREFIX_HEADER = "Homepwner/Homepwner-Prefix.pch";
				INFOPLIST_FILE = "Homepwner/Homepwner-Info.plist";
				IPHONEOS_DEPLOYMENT_TARGET = 6.1;
				PRODUCT_NAME = "$(TARGET_NAME)";
				TARGETED_DEVICE_FAMILY = "1,2";
				WRAPPER_EXTENSION = app;
			};
			name = Release;
		};
/* End XCBuildConfiguration section */

/* Begin XCConfigurationList section */
		CBE8C73B16F7C4F600AE3BA8 /* Build configuration list for PBXProject "Homepwner" */ = {
			isa = XCConfigurationList;
			buildConfigurations = (
				CBE8C75B16F7C4F700AE3BA8 /* Debug */,
				CBE8C75C16F7C4F700AE3BA8 /* Release */,
			);
			defaultConfigurationIsVisible = 0;
			defaultConfigurationName = Release;
		};
		CBE8C75D16F7C4F700AE3BA8 /* Build configuration list for PBXNativeTarget "Homepwner" */ = {
			isa = XCConfigurationList;
			buildConfigurations = (
				CBE8C75E16F7C4F700AE3BA8 /* Debug */,
				CBE8C75F16F7C4F700AE3BA8 /* Release */,
			);
			defaultConfigurationIsVisible = 0;
			defaultConfigurationName = Release;
		};
/* End XCConfigurationList section */
	};
	rootObject = CBE8C73816F7C4F600AE3BA8 /* Project object */;
}
